github.com/JoeyScottSchronce/golang-practice-with-TDD/reading_files/blogposts v0.0.0-20251029165112-f1bcb4e979c8 h1:ty5P36VJjhhZmFJVNt8qLpHHIELWK0Z4ACKxsyUSsQQ=
github.com/JoeyScottSchronce/golang-practice-with-TDD/reading_files/blogposts v0.0.0-20251029165112-f1bcb4e979c8/go.mod h1:tnpMe9wxMlh1scUdK9jurmoLtn4FhhR203PnGZCEEjE=
